schema: '2.0'
stages:
  prepare:
    cmd: python -m mlops.ingredient_detection.prepare --dataset-dir 
      mlops/data/yolo_dataset/V59_fullset --source-yaml 
      mlops/data/yolo_dataset/V59_fullset/data.yaml --output-yaml 
      mlops/artifacts/prepared/data.yaml --report 
      mlops/artifacts/reports/dataset.json --require-test
    deps:
    - path: mlops/data/yolo_dataset/V59_fullset
      hash: md5
      md5: 103b4ada7646a9ff39f3d9ff758d44d9.dir
      size: 4537374339
      nfiles: 26366
    - path: mlops/ingredient_detection/common.py
      hash: md5
      md5: ebc4caf18ad91a771081941c4e76b231
      size: 1736
    - path: mlops/ingredient_detection/prepare.py
      hash: md5
      md5: a0c67baa62e1ba0fe7670730f53e2d5f
      size: 6011
    outs:
    - path: mlops/artifacts/prepared/data.yaml
      hash: md5
      md5: 323204a5a7e681cfba1fdb430b475bb8
      size: 755
    - path: mlops/artifacts/reports/dataset.json
      hash: md5
      md5: 3c5e0dcd3a944ed9835d8c7142e27e70
      size: 4994
